
Microsoft Visual Studio Solution File, Format Version 12.00
# Visual Studio 2012
Project("{FAE04EC0-301F-11D3-BF4B-00C04F79EFBC}") = "küçükten büyüğe sıralama", "küçükten büyüğe sıralama\küçükten büyüğe sıralama.csproj", "{E295767C-7E38-4028-9A6F-A08CBAA40E83}"
EndProject
Global
	GlobalSection(SolutionConfigurationPlatforms) = preSolution
		Debug|Any CPU = Debug|Any CPU
		Release|Any CPU = Release|Any CPU
	EndGlobalSection
	GlobalSection(ProjectConfigurationPlatforms) = postSolution
		{E295767C-7E38-4028-9A6F-A08CBAA40E83}.Debug|Any CPU.ActiveCfg = Debug|Any CPU
		{E295767C-7E38-4028-9A6F-A08CBAA40E83}.Debug|Any CPU.Build.0 = Debug|Any CPU
		{E295767C-7E38-4028-9A6F-A08CBAA40E83}.Release|Any CPU.ActiveCfg = Release|Any CPU
		{E295767C-7E38-4028-9A6F-A08CBAA40E83}.Release|Any CPU.Build.0 = Release|Any CPU
	EndGlobalSection
	GlobalSection(SolutionProperties) = preSolution
		HideSolutionNode = FALSE
	EndGlobalSection
EndGlobal
